
Microsoft Visual Studio Solution File, Format Version 12.00
# Visual Studio Version 17
VisualStudioVersion = 17.8.34330.188
MinimumVisualStudioVersion = 10.0.40219.1
Project("{8BC9CEB8-8B4A-11D0-8D11-00A0C91BC942}") = "HelloWorld", "HelloWorld\HelloWorld.vcxproj", "{2E896483-CDF1-4EED-905C-A72268A63364}"
EndProject
Global
	GlobalSection(SolutionConfigurationPlatforms) = preSolution
		Debug|x64 = Debug|x64
		Debug|x86 = Debug|x86
		Release|x64 = Release|x64
		Release|x86 = Release|x86
	EndGlobalSection
	GlobalSection(ProjectConfigurationPlatforms) = postSolution
		{2E896483-CDF1-4EED-905C-A72268A63364}.Debug|x64.ActiveCfg = Debug|x64
		{2E896483-CDF1-4EED-905C-A72268A63364}.Debug|x64.Build.0 = Debug|x64
		{2E896483-CDF1-4EED-905C-A72268A63364}.Debug|x86.ActiveCfg = Debug|Win32
		{2E896483-CDF1-4EED-905C-A72268A63364}.Debug|x86.Build.0 = Debug|Win32
		{2E896483-CDF1-4EED-905C-A72268A63364}.Release|x64.ActiveCfg = Release|x64
		{2E896483-CDF1-4EED-905C-A72268A63364}.Release|x64.Build.0 = Release|x64
		{2E896483-CDF1-4EED-905C-A72268A63364}.Release|x86.ActiveCfg = Release|Win32
		{2E896483-CDF1-4EED-905C-A72268A63364}.Release|x86.Build.0 = Release|Win32
	EndGlobalSection
	GlobalSection(SolutionProperties) = preSolution
		HideSolutionNode = FALSE
	EndGlobalSection
	GlobalSection(ExtensibilityGlobals) = postSolution
		SolutionGuid = {94934EDC-628E-425C-B6F7-0C35BA0F1259}
	EndGlobalSection
EndGlobal
